{
  "originHash" : "5a48a5c92acca8603af349dddb886f6ff3d6125e0a05fd40c33498a7f726542c",
  "pins" : [
    {
      "identity" : "capacitor-swift-pm",
      "kind" : "remoteSourceControl",
      "location" : "https://github.com/ionic-team/capacitor-swift-pm.git",
      "state" : {
        "revision" : "6a2a3feb25fda8df2a284d0818bc9c83e57a7d56",
        "version" : "8.3.0"
      }
    }
  ],
  "version" : 3
}
